
Microsoft Visual Studio Solution File, Format Version 12.00
# Visual Studio Version 16
VisualStudioVersion = 16.0.30907.101
MinimumVisualStudioVersion = 10.0.40219.1
Project("{FAE04EC0-301F-11D3-BF4B-00C04F79EFBC}") = "DocumentaryManagementWebApi", "DocumentaryManagementWebApi\DocumentaryManagementWebApi.csproj", "{EC2640E2-1E87-4F3F-B0A2-35E4AEDEBFFD}"
EndProject
Project("{FAE04EC0-301F-11D3-BF4B-00C04F79EFBC}") = "DocumentaryManagementWebApi.DataLayer", "DocumentaryManagementWebApi.DataLayer\DocumentaryManagementWebApi.DataLayer.csproj", "{7E79F174-6D00-46D6-A259-B2CFDEAB08B0}"
EndProject
Project("{FAE04EC0-301F-11D3-BF4B-00C04F79EFBC}") = "DocumentaryManagementWebApi.BussinessLayer", "DocumentaryManagementWebApi.BussinessLayer\DocumentaryManagementWebApi.BussinessLayer.csproj", "{3CFE02E8-8526-4CE8-AE26-BB7EAB18A081}"
EndProject
Project("{FAE04EC0-301F-11D3-BF4B-00C04F79EFBC}") = "DocumentaryManagementWebApi.Entity", "DocumentaryManagementWebApi.Entity\DocumentaryManagementWebApi.Entity.csproj", "{95FC800E-11E4-47A5-82E4-7494654F3362}"
EndProject
Project("{FAE04EC0-301F-11D3-BF4B-00C04F79EFBC}") = "DocumentaryManagementWebApi.CustomExceptions", "DocumentaryManagementWebApi.CustomExceptions\DocumentaryManagementWebApi.CustomExceptions.csproj", "{5B8FEF31-32AD-45CD-87F9-84364671C288}"
EndProject
Global
	GlobalSection(SolutionConfigurationPlatforms) = preSolution
		Debug|Any CPU = Debug|Any CPU
		Release|Any CPU = Release|Any CPU
	EndGlobalSection
	GlobalSection(ProjectConfigurationPlatforms) = postSolution
		{EC2640E2-1E87-4F3F-B0A2-35E4AEDEBFFD}.Debug|Any CPU.ActiveCfg = Debug|Any CPU
		{EC2640E2-1E87-4F3F-B0A2-35E4AEDEBFFD}.Debug|Any CPU.Build.0 = Debug|Any CPU
		{EC2640E2-1E87-4F3F-B0A2-35E4AEDEBFFD}.Release|Any CPU.ActiveCfg = Release|Any CPU
		{EC2640E2-1E87-4F3F-B0A2-35E4AEDEBFFD}.Release|Any CPU.Build.0 = Release|Any CPU
		{7E79F174-6D00-46D6-A259-B2CFDEAB08B0}.Debug|Any CPU.ActiveCfg = Debug|Any CPU
		{7E79F174-6D00-46D6-A259-B2CFDEAB08B0}.Debug|Any CPU.Build.0 = Debug|Any CPU
		{7E79F174-6D00-46D6-A259-B2CFDEAB08B0}.Release|Any CPU.ActiveCfg = Release|Any CPU
		{7E79F174-6D00-46D6-A259-B2CFDEAB08B0}.Release|Any CPU.Build.0 = Release|Any CPU
		{3CFE02E8-8526-4CE8-AE26-BB7EAB18A081}.Debug|Any CPU.ActiveCfg = Debug|Any CPU
		{3CFE02E8-8526-4CE8-AE26-BB7EAB18A081}.Debug|Any CPU.Build.0 = Debug|Any CPU
		{3CFE02E8-8526-4CE8-AE26-BB7EAB18A081}.Release|Any CPU.ActiveCfg = Release|Any CPU
		{3CFE02E8-8526-4CE8-AE26-BB7EAB18A081}.Release|Any CPU.Build.0 = Release|Any CPU
		{95FC800E-11E4-47A5-82E4-7494654F3362}.Debug|Any CPU.ActiveCfg = Debug|Any CPU
		{95FC800E-11E4-47A5-82E4-7494654F3362}.Debug|Any CPU.Build.0 = Debug|Any CPU
		{95FC800E-11E4-47A5-82E4-7494654F3362}.Release|Any CPU.ActiveCfg = Release|Any CPU
		{95FC800E-11E4-47A5-82E4-7494654F3362}.Release|Any CPU.Build.0 = Release|Any CPU
		{5B8FEF31-32AD-45CD-87F9-84364671C288}.Debug|Any CPU.ActiveCfg = Debug|Any CPU
		{5B8FEF31-32AD-45CD-87F9-84364671C288}.Debug|Any CPU.Build.0 = Debug|Any CPU
		{5B8FEF31-32AD-45CD-87F9-84364671C288}.Release|Any CPU.ActiveCfg = Release|Any CPU
		{5B8FEF31-32AD-45CD-87F9-84364671C288}.Release|Any CPU.Build.0 = Release|Any CPU
	EndGlobalSection
	GlobalSection(SolutionProperties) = preSolution
		HideSolutionNode = FALSE
	EndGlobalSection
	GlobalSection(ExtensibilityGlobals) = postSolution
		SolutionGuid = {8380BB78-F6BE-4030-AD02-5A91FE47613D}
	EndGlobalSection
EndGlobal
